// !$*UTF8*$!
{
	archiveVersion = 1;
	classes = {
	};
	objectVersion = 48;
	objects = {

/* Begin PBXBuildFile section */
		3B3712741FEF180300F55B36 /* GradientView.swift in Sources */ = {isa = PBXBuildFile; fileRef = 3B3712731FEF180300F55B36 /* GradientView.swift */; };
		3B90C5D31FE87E530051DFBB /* AppDelegate.swift in Sources */ = {isa = PBXBuildFile; fileRef = 3B90C5D21FE87E530051DFBB /* AppDelegate.swift */; };
		3B90C5D81FE87E530051DFBB /* Main.storyboard in Resources */ = {isa = PBXBuildFile; fileRef = 3B90C5D61FE87E530051DFBB /* Main.storyboard */; };
		3B90C5DA1FE87E530051DFBB /* Assets.xcassets in Resources */ = {isa = PBXBuildFile; fileRef = 3B90C5D91FE87E530051DFBB /* Assets.xcassets */; };
		3B90C5DD1FE87E530051DFBB /* LaunchScreen.storyboard in Resources */ = {isa = PBXBuildFile; fileRef = 3B90C5DB1FE87E530051DFBB /* LaunchScreen.storyboard */; };
		3BC683561FE9E6D300D2F2C2 /* SWRevealViewController.m in Sources */ = {isa = PBXBuildFile; fileRef = 3BC683551FE9E6D300D2F2C2 /* SWRevealViewController.m */; };
		3BF93B6B1FEEDDED008B0BF8 /* ChatVC.swift in Sources */ = {isa = PBXBuildFile; fileRef = 3BF93B6A1FEEDDED008B0BF8 /* ChatVC.swift */; };
		3BF93B6D1FEEDDFE008B0BF8 /* ChannelVC.swift in Sources */ = {isa = PBXBuildFile; fileRef = 3BF93B6C1FEEDDFE008B0BF8 /* ChannelVC.swift */; };
		6635742128C76F95C8DA9169 /* Pods_Smack.framework in Frameworks */ = {isa = PBXBuildFile; fileRef = 28E04EAA5D2B122D2E70AB81 /* Pods_Smack.framework */; };
/* End PBXBuildFile section */

/* Begin PBXFileReference section */
		28E04EAA5D2B122D2E70AB81 /* Pods_Smack.framework */ = {isa = PBXFileReference; explicitFileType = wrapper.framework; includeInIndex = 0; path = Pods_Smack.framework; sourceTree = BUILT_PRODUCTS_DIR; };
		3B3712731FEF180300F55B36 /* GradientView.swift */ = {isa = PBXFileReference; lastKnownFileType = sourcecode.swift; path = GradientView.swift; sourceTree = "<group>"; };
		3B90C5CF1FE87E530051DFBB /* Smack.app */ = {isa = PBXFileReference; explicitFileType = wrapper.application; includeInIndex = 0; path = Smack.app; sourceTree = BUILT_PRODUCTS_DIR; };
		3B90C5D21FE87E530051DFBB /* AppDelegate.swift */ = {isa = PBXFileReference; lastKnownFileType = sourcecode.swift; path = AppDelegate.swift; sourceTree = "<group>"; };
		3B90C5D71FE87E530051DFBB /* Base */ = {isa = PBXFileReference; lastKnownFileType = file.storyboard; name = Base; path = Base.lproj/Main.storyboard; sourceTree = "<group>"; };
		3B90C5D91FE87E530051DFBB /* Assets.xcassets */ = {isa = PBXFileReference; lastKnownFileType = folder.assetcatalog; path = Assets.xcassets; sourceTree = "<group>"; };
		3B90C5DC1FE87E530051DFBB /* Base */ = {isa = PBXFileReference; lastKnownFileType = file.storyboard; name = Base; path = Base.lproj/LaunchScreen.storyboard; sourceTree = "<group>"; };
		3B90C5DE1FE87E530051DFBB /* Info.plist */ = {isa = PBXFileReference; lastKnownFileType = text.plist.xml; path = Info.plist; sourceTree = "<group>"; };
		3BC683531FE9E6D200D2F2C2 /* Smack-Bridging-Header.h */ = {isa = PBXFileReference; lastKnownFileType = sourcecode.c.h; path = "Smack-Bridging-Header.h"; sourceTree = "<group>"; };
		3BC683541FE9E6D300D2F2C2 /* SWRevealViewController.h */ = {isa = PBXFileReference; fileEncoding = 4; lastKnownFileType = sourcecode.c.h; path = SWRevealViewController.h; sourceTree = "<group>"; };
		3BC683551FE9E6D300D2F2C2 /* SWRevealViewController.m */ = {isa = PBXFileReference; fileEncoding = 4; lastKnownFileType = sourcecode.c.objc; path = SWRevealViewController.m; sourceTree = "<group>"; };
		3BF93B6A1FEEDDED008B0BF8 /* ChatVC.swift */ = {isa = PBXFileReference; lastKnownFileType = sourcecode.swift; path = ChatVC.swift; sourceTree = "<group>"; };
		3BF93B6C1FEEDDFE008B0BF8 /* ChannelVC.swift */ = {isa = PBXFileReference; lastKnownFileType = sourcecode.swift; path = ChannelVC.swift; sourceTree = "<group>"; };
		B0B7DCC2EDF3A868008A1CE3 /* Pods-Smack.debug.xcconfig */ = {isa = PBXFileReference; includeInIndex = 1; lastKnownFileType = text.xcconfig; name = "Pods-Smack.debug.xcconfig"; path = "Pods/Target Support Files/Pods-Smack/Pods-Smack.debug.xcconfig"; sourceTree = "<group>"; };
		CB07E0A1CFB5A08704B702BF /* Pods-Smack.release.xcconfig */ = {isa = PBXFileReference; includeInIndex = 1; lastKnownFileType = text.xcconfig; name = "Pods-Smack.release.xcconfig"; path = "Pods/Target Support Files/Pods-Smack/Pods-Smack.release.xcconfig"; sourceTree = "<group>"; };
/* End PBXFileReference section */

/* Begin PBXFrameworksBuildPhase section */
		3B90C5CC1FE87E530051DFBB /* Frameworks */ = {
			isa = PBXFrameworksBuildPhase;
			buildActionMask = 2147483647;
			files = (
				6635742128C76F95C8DA9169 /* Pods_Smack.framework in Frameworks */,
			);
			runOnlyForDeploymentPostprocessing = 0;
		};
/* End PBXFrameworksBuildPhase section */

/* Begin PBXGroup section */
		3B90C5C61FE87E530051DFBB = {
			isa = PBXGroup;
			children = (
				3B90C5D11FE87E530051DFBB /* Smack */,
				3B90C5D01FE87E530051DFBB /* Products */,
				F7F80F310AA2C8B620CCDCD1 /* Pods */,
				84634900D071C02CA893F834 /* Frameworks */,
			);
			sourceTree = "<group>";
		};
		3B90C5D01FE87E530051DFBB /* Products */ = {
			isa = PBXGroup;
			children = (
				3B90C5CF1FE87E530051DFBB /* Smack.app */,
			);
			name = Products;
			sourceTree = "<group>";
		};
		3B90C5D11FE87E530051DFBB /* Smack */ = {
			isa = PBXGroup;
			children = (
				3BF93B691FEEDDCB008B0BF8 /* Model */,
				3BF93B681FEEDDC6008B0BF8 /* View */,
				3BF93B671FEEDDBE008B0BF8 /* Controller */,
				3BC683521FE9E68000D2F2C2 /* Supporting Files */,
				3B90C5D21FE87E530051DFBB /* AppDelegate.swift */,
				3B90C5D61FE87E530051DFBB /* Main.storyboard */,
				3B90C5D91FE87E530051DFBB /* Assets.xcassets */,
				3B90C5DB1FE87E530051DFBB /* LaunchScreen.storyboard */,
				3B90C5DE1FE87E530051DFBB /* Info.plist */,
			);
			path = Smack;
			sourceTree = "<group>";
		};
		3BC683521FE9E68000D2F2C2 /* Supporting Files */ = {
			isa = PBXGroup;
			children = (
				3BC683541FE9E6D300D2F2C2 /* SWRevealViewController.h */,
				3BC683551FE9E6D300D2F2C2 /* SWRevealViewController.m */,
				3BC683531FE9E6D200D2F2C2 /* Smack-Bridging-Header.h */,
			);
			path = "Supporting Files";
			sourceTree = "<group>";
		};
		3BF93B671FEEDDBE008B0BF8 /* Controller */ = {
			isa = PBXGroup;
			children = (
				3BF93B6A1FEEDDED008B0BF8 /* ChatVC.swift */,
				3BF93B6C1FEEDDFE008B0BF8 /* ChannelVC.swift */,
			);
			path = Controller;
			sourceTree = "<group>";
		};
		3BF93B681FEEDDC6008B0BF8 /* View */ = {
			isa = PBXGroup;
			children = (
				3B3712731FEF180300F55B36 /* GradientView.swift */,
			);
			path = View;
			sourceTree = "<group>";
		};
		3BF93B691FEEDDCB008B0BF8 /* Model */ = {
			isa = PBXGroup;
			children = (
			);
			path = Model;
			sourceTree = "<group>";
		};
		84634900D071C02CA893F834 /* Frameworks */ = {
			isa = PBXGroup;
			children = (
				28E04EAA5D2B122D2E70AB81 /* Pods_Smack.framework */,
			);
			name = Frameworks;
			sourceTree = "<group>";
		};
		F7F80F310AA2C8B620CCDCD1 /* Pods */ = {
			isa = PBXGroup;
			children = (
				B0B7DCC2EDF3A868008A1CE3 /* Pods-Smack.debug.xcconfig */,
				CB07E0A1CFB5A08704B702BF /* Pods-Smack.release.xcconfig */,
			);
			name = Pods;
			sourceTree = "<group>";
		};
/* End PBXGroup section */

/* Begin PBXNativeTarget section */
		3B90C5CE1FE87E530051DFBB /* Smack */ = {
			isa = PBXNativeTarget;
			buildConfigurationList = 3B90C5E11FE87E530051DFBB /* Build configuration list for PBXNativeTarget "Smack" */;
			buildPhases = (
				4A9CBFEBC3A4D5E4ED2E485E /* [CP] Check Pods Manifest.lock */,
				3B90C5CB1FE87E530051DFBB /* Sources */,
				3B90C5CC1FE87E530051DFBB /* Frameworks */,
				3B90C5CD1FE87E530051DFBB /* Resources */,
				1EF1E694BDF9B93CDAAF9854 /* [CP] Embed Pods Frameworks */,
				508506CACB6FF272D9C0476F /* [CP] Copy Pods Resources */,
			);
			buildRules = (
			);
			dependencies = (
			);
			name = Smack;
			productName = Smack;
			productReference = 3B90C5CF1FE87E530051DFBB /* Smack.app */;
			productType = "com.apple.product-type.application";
		};
/* End PBXNativeTarget section */

/* Begin PBXProject section */
		3B90C5C71FE87E530051DFBB /* Project object */ = {
			isa = PBXProject;
			attributes = {
				LastSwiftUpdateCheck = 0920;
				LastUpgradeCheck = 0920;
				ORGANIZATIONNAME = "Jenna Hakki";
				TargetAttributes = {
					3B90C5CE1FE87E530051DFBB = {
						CreatedOnToolsVersion = 9.2;
						LastSwiftMigration = 0920;
						ProvisioningStyle = Automatic;
					};
				};
			};
			buildConfigurationList = 3B90C5CA1FE87E530051DFBB /* Build configuration list for PBXProject "Smack" */;
			compatibilityVersion = "Xcode 8.0";
			developmentRegion = en;
			hasScannedForEncodings = 0;
			knownRegions = (
				en,
				Base,
			);
			mainGroup = 3B90C5C61FE87E530051DFBB;
			productRefGroup = 3B90C5D01FE87E530051DFBB /* Products */;
			projectDirPath = "";
			projectRoot = "";
			targets = (
				3B90C5CE1FE87E530051DFBB /* Smack */,
			);
		};
/* End PBXProject section */

/* Begin PBXResourcesBuildPhase section */
		3B90C5CD1FE87E530051DFBB /* Resources */ = {
			isa = PBXResourcesBuildPhase;
			buildActionMask = 2147483647;
			files = (
				3B90C5DD1FE87E530051DFBB /* LaunchScreen.storyboard in Resources */,
				3B90C5DA1FE87E530051DFBB /* Assets.xcassets in Resources */,
				3B90C5D81FE87E530051DFBB /* Main.storyboard in Resources */,
			);
			runOnlyForDeploymentPostprocessing = 0;
		};
/* End PBXResourcesBuildPhase section */

/* Begin PBXShellScriptBuildPhase section */
		1EF1E694BDF9B93CDAAF9854 /* [CP] Embed Pods Frameworks */ = {
			isa = PBXShellScriptBuildPhase;
			buildActionMask = 2147483647;
			files = (
			);
			inputPaths = (
			);
			name = "[CP] Embed Pods Frameworks";
			outputPaths = (
			);
			runOnlyForDeploymentPostprocessing = 0;
			shellPath = /bin/sh;
			shellScript = "\"${SRCROOT}/Pods/Target Support Files/Pods-Smack/Pods-Smack-frameworks.sh\"\n";
			showEnvVarsInLog = 0;
		};
		4A9CBFEBC3A4D5E4ED2E485E /* [CP] Check Pods Manifest.lock */ = {
			isa = PBXShellScriptBuildPhase;
			buildActionMask = 2147483647;
			files = (
			);
			inputPaths = (
			);
			name = "[CP] Check Pods Manifest.lock";
			outputPaths = (
			);
			runOnlyForDeploymentPostprocessing = 0;
			shellPath = /bin/sh;
			shellScript = "diff \"${PODS_ROOT}/../Podfile.lock\" \"${PODS_ROOT}/Manifest.lock\" > /dev/null\nif [ $? != 0 ] ; then\n    # print error to STDERR\n    echo \"error: The sandbox is not in sync with the Podfile.lock. Run 'pod install' or update your CocoaPods installation.\" >&2\n    exit 1\nfi\n";
			showEnvVarsInLog = 0;
		};
		508506CACB6FF272D9C0476F /* [CP] Copy Pods Resources */ = {
			isa = PBXShellScriptBuildPhase;
			buildActionMask = 2147483647;
			files = (
			);
			inputPaths = (
			);
			name = "[CP] Copy Pods Resources";
			outputPaths = (
			);
			runOnlyForDeploymentPostprocessing = 0;
			shellPath = /bin/sh;
			shellScript = "\"${SRCROOT}/Pods/Target Support Files/Pods-Smack/Pods-Smack-resources.sh\"\n";
			showEnvVarsInLog = 0;
		};
/* End PBXShellScriptBuildPhase section */

/* Begin PBXSourcesBuildPhase section */
		3B90C5CB1FE87E530051DFBB /* Sources */ = {
			isa = PBXSourcesBuildPhase;
			buildActionMask = 2147483647;
			files = (
				3BF93B6D1FEEDDFE008B0BF8 /* ChannelVC.swift in Sources */,
				3BF93B6B1FEEDDED008B0BF8 /* ChatVC.swift in Sources */,
				3B3712741FEF180300F55B36 /* GradientView.swift in Sources */,
				3B90C5D31FE87E530051DFBB /* AppDelegate.swift in Sources */,
				3BC683561FE9E6D300D2F2C2 /* SWRevealViewController.m in Sources */,
			);
			runOnlyForDeploymentPostprocessing = 0;
		};
/* End PBXSourcesBuildPhase section */

/* Begin PBXVariantGroup section */
		3B90C5D61FE87E530051DFBB /* Main.storyboard */ = {
			isa = PBXVariantGroup;
			children = (
				3B90C5D71FE87E530051DFBB /* Base */,
			);
			name = Main.storyboard;
			sourceTree = "<group>";
		};
		3B90C5DB1FE87E530051DFBB /* LaunchScreen.storyboard */ = {
			isa = PBXVariantGroup;
			children = (
				3B90C5DC1FE87E530051DFBB /* Base */,
			);
			name = LaunchScreen.storyboard;
			sourceTree = "<group>";
		};
/* End PBXVariantGroup section */

/* Begin XCBuildConfiguration section */
		3B90C5DF1FE87E530051DFBB /* Debug */ = {
			isa = XCBuildConfiguration;
			buildSettings = {
				ALWAYS_SEARCH_USER_PATHS = NO;
				CLANG_ANALYZER_NONNULL = YES;
				CLANG_ANALYZER_NUMBER_OBJECT_CONVERSION = YES_AGGRESSIVE;
				CLANG_CXX_LANGUAGE_STANDARD = "gnu++14";
				CLANG_CXX_LIBRARY = "libc++";
				CLANG_ENABLE_MODULES = YES;
				CLANG_ENABLE_OBJC_ARC = YES;
				CLANG_WARN_BLOCK_CAPTURE_AUTORELEASING = YES;
				CLANG_WARN_BOOL_CONVERSION = YES;
				CLANG_WARN_COMMA = YES;
				CLANG_WARN_CONSTANT_CONVERSION = YES;
				CLANG_WARN_DIRECT_OBJC_ISA_USAGE = YES_ERROR;
				CLANG_WARN_DOCUMENTATION_COMMENTS = YES;
				CLANG_WARN_EMPTY_BODY = YES;
				CLANG_WARN_ENUM_CONVERSION = YES;
				CLANG_WARN_INFINITE_RECURSION = YES;
				CLANG_WARN_INT_CONVERSION = YES;
				CLANG_WARN_NON_LITERAL_NULL_CONVERSION = YES;
				CLANG_WARN_OBJC_LITERAL_CONVERSION = YES;
				CLANG_WARN_OBJC_ROOT_CLASS = YES_ERROR;
				CLANG_WARN_RANGE_LOOP_ANALYSIS = YES;
				CLANG_WARN_STRICT_PROTOTYPES = YES;
				CLANG_WARN_SUSPICIOUS_MOVE = YES;
				CLANG_WARN_UNGUARDED_AVAILABILITY = YES_AGGRESSIVE;
				CLANG_WARN_UNREACHABLE_CODE = YES;
				CLANG_WARN__DUPLICATE_METHOD_MATCH = YES;
				CODE_SIGN_IDENTITY = "iPhone Developer";
				COPY_PHASE_STRIP = NO;
				DEBUG_INFORMATION_FORMAT = dwarf;
				ENABLE_STRICT_OBJC_MSGSEND = YES;
				ENABLE_TESTABILITY = YES;
				GCC_C_LANGUAGE_STANDARD = gnu11;
				GCC_DYNAMIC_NO_PIC = NO;
				GCC_NO_COMMON_BLOCKS = YES;
				GCC_OPTIMIZATION_LEVEL = 0;
				GCC_PREPROCESSOR_DEFINITIONS = (
					"DEBUG=1",
					"$(inherited)",
				);
				GCC_WARN_64_TO_32_BIT_CONVERSION = YES;
				GCC_WARN_ABOUT_RETURN_TYPE = YES_ERROR;
				GCC_WARN_UNDECLARED_SELECTOR = YES;
				GCC_WARN_UNINITIALIZED_AUTOS = YES_AGGRESSIVE;
				GCC_WARN_UNUSED_FUNCTION = YES;
				GCC_WARN_UNUSED_VARIABLE = YES;
				IPHONEOS_DEPLOYMENT_TARGET = 11.2;
				MTL_ENABLE_DEBUG_INFO = YES;
				ONLY_ACTIVE_ARCH = YES;
				SDKROOT = iphoneos;
				SWIFT_ACTIVE_COMPILATION_CONDITIONS = DEBUG;
				SWIFT_OPTIMIZATION_LEVEL = "-Onone";
			};
			name = Debug;
		};
		3B90C5E01FE87E530051DFBB /* Release */ = {
			isa = XCBuildConfiguration;
			buildSettings = {
				ALWAYS_SEARCH_USER_PATHS = NO;
				CLANG_ANALYZER_NONNULL = YES;
				CLANG_ANALYZER_NUMBER_OBJECT_CONVERSION = YES_AGGRESSIVE;
				CLANG_CXX_LANGUAGE_STANDARD = "gnu++14";
				CLANG_CXX_LIBRARY = "libc++";
				CLANG_ENABLE_MODULES = YES;
				CLANG_ENABLE_OBJC_ARC = YES;
				CLANG_WARN_BLOCK_CAPTURE_AUTORELEASING = YES;
				CLANG_WARN_BOOL_CONVERSION = YES;
				CLANG_WARN_COMMA = YES;
				CLANG_WARN_CONSTANT_CONVERSION = YES;
				CLANG_WARN_DIRECT_OBJC_ISA_USAGE = YES_ERROR;
				CLANG_WARN_DOCUMENTATION_COMMENTS = YES;
				CLANG_WARN_EMPTY_BODY = YES;
				CLANG_WARN_ENUM_CONVERSION = YES;
				CLANG_WARN_INFINITE_RECURSION = YES;
				CLANG_WARN_INT_CONVERSION = YES;
				CLANG_WARN_NON_LITERAL_NULL_CONVERSION = YES;
				CLANG_WARN_OBJC_LITERAL_CONVERSION = YES;
				CLANG_WARN_OBJC_ROOT_CLASS = YES_ERROR;
				CLANG_WARN_RANGE_LOOP_ANALYSIS = YES;
				CLANG_WARN_STRICT_PROTOTYPES = YES;
				CLANG_WARN_SUSPICIOUS_MOVE = YES;
				CLANG_WARN_UNGUARDED_AVAILABILITY = YES_AGGRESSIVE;
				CLANG_WARN_UNREACHABLE_CODE = YES;
				CLANG_WARN__DUPLICATE_METHOD_MATCH = YES;
				CODE_SIGN_IDENTITY = "iPhone Developer";
				COPY_PHASE_STRIP = NO;
				DEBUG_INFORMATION_FORMAT = "dwarf-with-dsym";
				ENABLE_NS_ASSERTIONS = NO;
				ENABLE_STRICT_OBJC_MSGSEND = YES;
				GCC_C_LANGUAGE_STANDARD = gnu11;
				GCC_NO_COMMON_BLOCKS = YES;
				GCC_WARN_64_TO_32_BIT_CONVERSION = YES;
				GCC_WARN_ABOUT_RETURN_TYPE = YES_ERROR;
				GCC_WARN_UNDECLARED_SELECTOR = YES;
				GCC_WARN_UNINITIALIZED_AUTOS = YES_AGGRESSIVE;
				GCC_WARN_UNUSED_FUNCTION = YES;
				GCC_WARN_UNUSED_VARIABLE = YES;
				IPHONEOS_DEPLOYMENT_TARGET = 11.2;
				MTL_ENABLE_DEBUG_INFO = NO;
				SDKROOT = iphoneos;
				SWIFT_OPTIMIZATION_LEVEL = "-Owholemodule";
				VALIDATE_PRODUCT = YES;
			};
			name = Release;
		};
		3B90C5E21FE87E530051DFBB /* Debug */ = {
			isa = XCBuildConfiguration;
			baseConfigurationReference = B0B7DCC2EDF3A868008A1CE3 /* Pods-Smack.debug.xcconfig */;
			buildSettings = {
				ASSETCATALOG_COMPILER_APPICON_NAME = AppIcon;
				CLANG_ENABLE_MODULES = YES;
				CODE_SIGN_STYLE = Automatic;
				DEVELOPMENT_TEAM = 6UM4PAK7T9;
				INFOPLIST_FILE = Smack/Info.plist;
				LD_RUNPATH_SEARCH_PATHS = "$(inherited) @executable_path/Frameworks";
				PRODUCT_BUNDLE_IDENTIFIER = com.Smack;
				PRODUCT_NAME = "$(TARGET_NAME)";
				SWIFT_OBJC_BRIDGING_HEADER = "Smack/Supporting Files/Smack-Bridging-Header.h";
				SWIFT_OPTIMIZATION_LEVEL = "-Onone";
				SWIFT_VERSION = 4.0;
				TARGETED_DEVICE_FAMILY = "1,2";
			};
			name = Debug;
		};
		3B90C5E31FE87E530051DFBB /* Release */ = {
			isa = XCBuildConfiguration;
			baseConfigurationReference = CB07E0A1CFB5A08704B702BF /* Pods-Smack.release.xcconfig */;
			buildSettings = {
				ASSETCATALOG_COMPILER_APPICON_NAME = AppIcon;
				CLANG_ENABLE_MODULES = YES;
				CODE_SIGN_STYLE = Automatic;
				DEVELOPMENT_TEAM = 6UM4PAK7T9;
				INFOPLIST_FILE = Smack/Info.plist;
				LD_RUNPATH_SEARCH_PATHS = "$(inherited) @executable_path/Frameworks";
				PRODUCT_BUNDLE_IDENTIFIER = com.Smack;
				PRODUCT_NAME = "$(TARGET_NAME)";
				SWIFT_OBJC_BRIDGING_HEADER = "Smack/Supporting Files/Smack-Bridging-Header.h";
				SWIFT_VERSION = 4.0;
				TARGETED_DEVICE_FAMILY = "1,2";
			};
			name = Release;
		};
/* End XCBuildConfiguration section */

/* Begin XCConfigurationList section */
		3B90C5CA1FE87E530051DFBB /* Build configuration list for PBXProject "Smack" */ = {
			isa = XCConfigurationList;
			buildConfigurations = (
				3B90C5DF1FE87E530051DFBB /* Debug */,
				3B90C5E01FE87E530051DFBB /* Release */,
			);
			defaultConfigurationIsVisible = 0;
			defaultConfigurationName = Release;
		};
		3B90C5E11FE87E530051DFBB /* Build configuration list for PBXNativeTarget "Smack" */ = {
			isa = XCConfigurationList;
			buildConfigurations = (
				3B90C5E21FE87E530051DFBB /* Debug */,
				3B90C5E31FE87E530051DFBB /* Release */,
			);
			defaultConfigurationIsVisible = 0;
			defaultConfigurationName = Release;
		};
/* End XCConfigurationList section */
	};
	rootObject = 3B90C5C71FE87E530051DFBB /* Project object */;
}
